
Microsoft Visual Studio Solution File, Format Version 12.00
# Visual Studio Version 17
VisualStudioVersion = 17.7.34202.233
MinimumVisualStudioVersion = 10.0.40219.1
Project("{8BC9CEB8-8B4A-11D0-8D11-00A0C91BC942}") = "0328.5701440", "0328.5701440.vcxproj", "{09965C30-ADE3-4A48-8E51-673E40556E6B}"
EndProject
Global
	GlobalSection(SolutionConfigurationPlatforms) = preSolution
		Debug|x64 = Debug|x64
		Debug|x86 = Debug|x86
		Release|x64 = Release|x64
		Release|x86 = Release|x86
	EndGlobalSection
	GlobalSection(ProjectConfigurationPlatforms) = postSolution
		{09965C30-ADE3-4A48-8E51-673E40556E6B}.Debug|x64.ActiveCfg = Debug|x64
		{09965C30-ADE3-4A48-8E51-673E40556E6B}.Debug|x64.Build.0 = Debug|x64
		{09965C30-ADE3-4A48-8E51-673E40556E6B}.Debug|x86.ActiveCfg = Debug|Win32
		{09965C30-ADE3-4A48-8E51-673E40556E6B}.Debug|x86.Build.0 = Debug|Win32
		{09965C30-ADE3-4A48-8E51-673E40556E6B}.Release|x64.ActiveCfg = Release|x64
		{09965C30-ADE3-4A48-8E51-673E40556E6B}.Release|x64.Build.0 = Release|x64
		{09965C30-ADE3-4A48-8E51-673E40556E6B}.Release|x86.ActiveCfg = Release|Win32
		{09965C30-ADE3-4A48-8E51-673E40556E6B}.Release|x86.Build.0 = Release|Win32
	EndGlobalSection
	GlobalSection(SolutionProperties) = preSolution
		HideSolutionNode = FALSE
	EndGlobalSection
	GlobalSection(ExtensibilityGlobals) = postSolution
		SolutionGuid = {B32879C4-CDB0-4E16-8772-E6AD17AD066A}
	EndGlobalSection
EndGlobal
